
Microsoft Visual Studio Solution File, Format Version 12.00
# Visual Studio Version 17
VisualStudioVersion = 17.8.34309.116
MinimumVisualStudioVersion = 10.0.40219.1
Project("{2150E333-8FDC-42A3-9474-1A3956D46DE8}") = "src", "src", "{C69F212F-6950-4073-991A-AE8D9B91571B}"
EndProject
Project("{2150E333-8FDC-42A3-9474-1A3956D46DE8}") = "ConsoleApp", "ConsoleApp", "{2C053BC4-B5E8-41A4-8381-852EA6E2D2E9}"
EndProject
Project("{FAE04EC0-301F-11D3-BF4B-00C04F79EFBC}") = "FakeHistory.Console", "FakeHistory.Console\FakeHistory.Console.csproj", "{10E85D3F-2EF2-4EDC-B802-2118DC9DF004}"
	ProjectSection(ProjectDependencies) = postProject
		{FC0C25A2-897F-4DA2-B720-229990F3C0F8} = {FC0C25A2-897F-4DA2-B720-229990F3C0F8}
	EndProjectSection
EndProject
Project("{FAE04EC0-301F-11D3-BF4B-00C04F79EFBC}") = "FakeHistory", "FakeHistory\FakeHistory.csproj", "{FC0C25A2-897F-4DA2-B720-229990F3C0F8}"
EndProject
Global
	GlobalSection(SolutionConfigurationPlatforms) = preSolution
		Debug|Any CPU = Debug|Any CPU
		Release|Any CPU = Release|Any CPU
	EndGlobalSection
	GlobalSection(ProjectConfigurationPlatforms) = postSolution
		{10E85D3F-2EF2-4EDC-B802-2118DC9DF004}.Debug|Any CPU.ActiveCfg = Debug|Any CPU
		{10E85D3F-2EF2-4EDC-B802-2118DC9DF004}.Debug|Any CPU.Build.0 = Debug|Any CPU
		{10E85D3F-2EF2-4EDC-B802-2118DC9DF004}.Release|Any CPU.ActiveCfg = Release|Any CPU
		{10E85D3F-2EF2-4EDC-B802-2118DC9DF004}.Release|Any CPU.Build.0 = Release|Any CPU
		{FC0C25A2-897F-4DA2-B720-229990F3C0F8}.Debug|Any CPU.ActiveCfg = Debug|Any CPU
		{FC0C25A2-897F-4DA2-B720-229990F3C0F8}.Debug|Any CPU.Build.0 = Debug|Any CPU
		{FC0C25A2-897F-4DA2-B720-229990F3C0F8}.Release|Any CPU.ActiveCfg = Release|Any CPU
		{FC0C25A2-897F-4DA2-B720-229990F3C0F8}.Release|Any CPU.Build.0 = Release|Any CPU
	EndGlobalSection
	GlobalSection(SolutionProperties) = preSolution
		HideSolutionNode = FALSE
	EndGlobalSection
	GlobalSection(NestedProjects) = preSolution
		{10E85D3F-2EF2-4EDC-B802-2118DC9DF004} = {2C053BC4-B5E8-41A4-8381-852EA6E2D2E9}
		{FC0C25A2-897F-4DA2-B720-229990F3C0F8} = {C69F212F-6950-4073-991A-AE8D9B91571B}
	EndGlobalSection
	GlobalSection(ExtensibilityGlobals) = postSolution
		SolutionGuid = {4918D982-9375-4486-BA52-38FFB27DD74F}
	EndGlobalSection
EndGlobal
